// !$*UTF8*$!
{
	archiveVersion = 1;
	classes = {
	};
	objectVersion = 46;
	objects = {

/* Begin PBXBuildFile section */
		DF44C3ED1B845F000035054A /* TwoViewController.m in Sources */ = {isa = PBXBuildFile; fileRef = DF44C3EC1B845F000035054A /* TwoViewController.m */; };
		DF44C3F01B845FE70035054A /* ThreeViewController.m in Sources */ = {isa = PBXBuildFile; fileRef = DF44C3EF1B845FE70035054A /* ThreeViewController.m */; };
		DF5D331A1B88191B00CCC52A /* StoryboardOne.storyboard in Resources */ = {isa = PBXBuildFile; fileRef = DF5D33191B88191B00CCC52A /* StoryboardOne.storyboard */; };
		DF9177311B81BB990065EB5A /* main.m in Sources */ = {isa = PBXBuildFile; fileRef = DF9177301B81BB990065EB5A /* main.m */; };
		DF9177341B81BB990065EB5A /* AppDelegate.m in Sources */ = {isa = PBXBuildFile; fileRef = DF9177331B81BB990065EB5A /* AppDelegate.m */; };
		DF9177371B81BB990065EB5A /* ViewController.m in Sources */ = {isa = PBXBuildFile; fileRef = DF9177361B81BB990065EB5A /* ViewController.m */; };
		DF91773A1B81BB990065EB5A /* Main.storyboard in Resources */ = {isa = PBXBuildFile; fileRef = DF9177381B81BB990065EB5A /* Main.storyboard */; };
		DF91773C1B81BB990065EB5A /* Assets.xcassets in Resources */ = {isa = PBXBuildFile; fileRef = DF91773B1B81BB990065EB5A /* Assets.xcassets */; };
		DF91773F1B81BB990065EB5A /* LaunchScreen.storyboard in Resources */ = {isa = PBXBuildFile; fileRef = DF91773D1B81BB990065EB5A /* LaunchScreen.storyboard */; };
		DF9177481B81CD7D0065EB5A /* FillingView.m in Sources */ = {isa = PBXBuildFile; fileRef = DF9177471B81CD7D0065EB5A /* FillingView.m */; };
		DF91774B1B82BFA70065EB5A /* OneViewController.m in Sources */ = {isa = PBXBuildFile; fileRef = DF91774A1B82BFA70065EB5A /* OneViewController.m */; };
/* End PBXBuildFile section */

/* Begin PBXFileReference section */
		DF44C3EB1B845F000035054A /* TwoViewController.h */ = {isa = PBXFileReference; fileEncoding = 4; lastKnownFileType = sourcecode.c.h; path = TwoViewController.h; sourceTree = "<group>"; };
		DF44C3EC1B845F000035054A /* TwoViewController.m */ = {isa = PBXFileReference; fileEncoding = 4; lastKnownFileType = sourcecode.c.objc; path = TwoViewController.m; sourceTree = "<group>"; };
		DF44C3EE1B845FE70035054A /* ThreeViewController.h */ = {isa = PBXFileReference; fileEncoding = 4; lastKnownFileType = sourcecode.c.h; path = ThreeViewController.h; sourceTree = "<group>"; };
		DF44C3EF1B845FE70035054A /* ThreeViewController.m */ = {isa = PBXFileReference; fileEncoding = 4; lastKnownFileType = sourcecode.c.objc; path = ThreeViewController.m; sourceTree = "<group>"; };
		DF5D33191B88191B00CCC52A /* StoryboardOne.storyboard */ = {isa = PBXFileReference; fileEncoding = 4; lastKnownFileType = file.storyboard; path = StoryboardOne.storyboard; sourceTree = "<group>"; };
		DF91772C1B81BB990065EB5A /* StoryBoard.app */ = {isa = PBXFileReference; explicitFileType = wrapper.application; includeInIndex = 0; path = StoryBoard.app; sourceTree = BUILT_PRODUCTS_DIR; };
		DF9177301B81BB990065EB5A /* main.m */ = {isa = PBXFileReference; lastKnownFileType = sourcecode.c.objc; path = main.m; sourceTree = "<group>"; };
		DF9177321B81BB990065EB5A /* AppDelegate.h */ = {isa = PBXFileReference; lastKnownFileType = sourcecode.c.h; path = AppDelegate.h; sourceTree = "<group>"; };
		DF9177331B81BB990065EB5A /* AppDelegate.m */ = {isa = PBXFileReference; lastKnownFileType = sourcecode.c.objc; path = AppDelegate.m; sourceTree = "<group>"; };
		DF9177351B81BB990065EB5A /* ViewController.h */ = {isa = PBXFileReference; lastKnownFileType = sourcecode.c.h; path = ViewController.h; sourceTree = "<group>"; };
		DF9177361B81BB990065EB5A /* ViewController.m */ = {isa = PBXFileReference; lastKnownFileType = sourcecode.c.objc; path = ViewController.m; sourceTree = "<group>"; };
		DF9177391B81BB990065EB5A /* Base */ = {isa = PBXFileReference; lastKnownFileType = file.storyboard; name = Base; path = Base.lproj/Main.storyboard; sourceTree = "<group>"; };
		DF91773B1B81BB990065EB5A /* Assets.xcassets */ = {isa = PBXFileReference; lastKnownFileType = folder.assetcatalog; path = Assets.xcassets; sourceTree = "<group>"; };
		DF91773E1B81BB990065EB5A /* Base */ = {isa = PBXFileReference; lastKnownFileType = file.storyboard; name = Base; path = Base.lproj/LaunchScreen.storyboard; sourceTree = "<group>"; };
		DF9177401B81BB990065EB5A /* Info.plist */ = {isa = PBXFileReference; lastKnownFileType = text.plist.xml; path = Info.plist; sourceTree = "<group>"; };
		DF9177461B81CD7D0065EB5A /* FillingView.h */ = {isa = PBXFileReference; fileEncoding = 4; lastKnownFileType = sourcecode.c.h; path = FillingView.h; sourceTree = "<group>"; };
		DF9177471B81CD7D0065EB5A /* FillingView.m */ = {isa = PBXFileReference; fileEncoding = 4; lastKnownFileType = sourcecode.c.objc; path = FillingView.m; sourceTree = "<group>"; };
		DF9177491B82BFA70065EB5A /* OneViewController.h */ = {isa = PBXFileReference; fileEncoding = 4; lastKnownFileType = sourcecode.c.h; path = OneViewController.h; sourceTree = "<group>"; };
		DF91774A1B82BFA70065EB5A /* OneViewController.m */ = {isa = PBXFileReference; fileEncoding = 4; lastKnownFileType = sourcecode.c.objc; path = OneViewController.m; sourceTree = "<group>"; };
/* End PBXFileReference section */

/* Begin PBXFrameworksBuildPhase section */
		DF9177291B81BB990065EB5A /* Frameworks */ = {
			isa = PBXFrameworksBuildPhase;
			buildActionMask = 2147483647;
			files = (
			);
			runOnlyForDeploymentPostprocessing = 0;
		};
/* End PBXFrameworksBuildPhase section */

/* Begin PBXGroup section */
		DF9177231B81BB990065EB5A = {
			isa = PBXGroup;
			children = (
				DF91772E1B81BB990065EB5A /* StoryBoard */,
				DF91772D1B81BB990065EB5A /* Products */,
			);
			sourceTree = "<group>";
		};
		DF91772D1B81BB990065EB5A /* Products */ = {
			isa = PBXGroup;
			children = (
				DF91772C1B81BB990065EB5A /* StoryBoard.app */,
			);
			name = Products;
			sourceTree = "<group>";
		};
		DF91772E1B81BB990065EB5A /* StoryBoard */ = {
			isa = PBXGroup;
			children = (
				DF9177321B81BB990065EB5A /* AppDelegate.h */,
				DF9177331B81BB990065EB5A /* AppDelegate.m */,
				DF9177351B81BB990065EB5A /* ViewController.h */,
				DF9177361B81BB990065EB5A /* ViewController.m */,
				DF9177461B81CD7D0065EB5A /* FillingView.h */,
				DF9177471B81CD7D0065EB5A /* FillingView.m */,
				DF9177491B82BFA70065EB5A /* OneViewController.h */,
				DF91774A1B82BFA70065EB5A /* OneViewController.m */,
				DF44C3EB1B845F000035054A /* TwoViewController.h */,
				DF44C3EC1B845F000035054A /* TwoViewController.m */,
				DF44C3EE1B845FE70035054A /* ThreeViewController.h */,
				DF44C3EF1B845FE70035054A /* ThreeViewController.m */,
				DF9177381B81BB990065EB5A /* Main.storyboard */,
				DF5D33191B88191B00CCC52A /* StoryboardOne.storyboard */,
				DF91773B1B81BB990065EB5A /* Assets.xcassets */,
				DF91773D1B81BB990065EB5A /* LaunchScreen.storyboard */,
				DF9177401B81BB990065EB5A /* Info.plist */,
				DF91772F1B81BB990065EB5A /* Supporting Files */,
			);
			path = StoryBoard;
			sourceTree = "<group>";
		};
		DF91772F1B81BB990065EB5A /* Supporting Files */ = {
			isa = PBXGroup;
			children = (
				DF9177301B81BB990065EB5A /* main.m */,
			);
			name = "Supporting Files";
			sourceTree = "<group>";
		};
/* End PBXGroup section */

/* Begin PBXNativeTarget section */
		DF91772B1B81BB990065EB5A /* StoryBoard */ = {
			isa = PBXNativeTarget;
			buildConfigurationList = DF9177431B81BB990065EB5A /* Build configuration list for PBXNativeTarget "StoryBoard" */;
			buildPhases = (
				DF9177281B81BB990065EB5A /* Sources */,
				DF9177291B81BB990065EB5A /* Frameworks */,
				DF91772A1B81BB990065EB5A /* Resources */,
			);
			buildRules = (
			);
			dependencies = (
			);
			name = StoryBoard;
			productName = StoryBoard;
			productReference = DF91772C1B81BB990065EB5A /* StoryBoard.app */;
			productType = "com.apple.product-type.application";
		};
/* End PBXNativeTarget section */

/* Begin PBXProject section */
		DF9177241B81BB990065EB5A /* Project object */ = {
			isa = PBXProject;
			attributes = {
				LastUpgradeCheck = 0700;
				ORGANIZATIONNAME = SuperDanny;
				TargetAttributes = {
					DF91772B1B81BB990065EB5A = {
						CreatedOnToolsVersion = 7.0;
					};
				};
			};
			buildConfigurationList = DF9177271B81BB990065EB5A /* Build configuration list for PBXProject "StoryBoard" */;
			compatibilityVersion = "Xcode 3.2";
			developmentRegion = English;
			hasScannedForEncodings = 0;
			knownRegions = (
				en,
				Base,
			);
			mainGroup = DF9177231B81BB990065EB5A;
			productRefGroup = DF91772D1B81BB990065EB5A /* Products */;
			projectDirPath = "";
			projectRoot = "";
			targets = (
				DF91772B1B81BB990065EB5A /* StoryBoard */,
			);
		};
/* End PBXProject section */

/* Begin PBXResourcesBuildPhase section */
		DF91772A1B81BB990065EB5A /* Resources */ = {
			isa = PBXResourcesBuildPhase;
			buildActionMask = 2147483647;
			files = (
				DF91773F1B81BB990065EB5A /* LaunchScreen.storyboard in Resources */,
				DF91773C1B81BB990065EB5A /* Assets.xcassets in Resources */,
				DF5D331A1B88191B00CCC52A /* StoryboardOne.storyboard in Resources */,
				DF91773A1B81BB990065EB5A /* Main.storyboard in Resources */,
			);
			runOnlyForDeploymentPostprocessing = 0;
		};
/* End PBXResourcesBuildPhase section */

/* Begin PBXSourcesBuildPhase section */
		DF9177281B81BB990065EB5A /* Sources */ = {
			isa = PBXSourcesBuildPhase;
			buildActionMask = 2147483647;
			files = (
				DF9177481B81CD7D0065EB5A /* FillingView.m in Sources */,
				DF44C3F01B845FE70035054A /* ThreeViewController.m in Sources */,
				DF91774B1B82BFA70065EB5A /* OneViewController.m in Sources */,
				DF9177371B81BB990065EB5A /* ViewController.m in Sources */,
				DF44C3ED1B845F000035054A /* TwoViewController.m in Sources */,
				DF9177341B81BB990065EB5A /* AppDelegate.m in Sources */,
				DF9177311B81BB990065EB5A /* main.m in Sources */,
			);
			runOnlyForDeploymentPostprocessing = 0;
		};
/* End PBXSourcesBuildPhase section */

/* Begin PBXVariantGroup section */
		DF9177381B81BB990065EB5A /* Main.storyboard */ = {
			isa = PBXVariantGroup;
			children = (
				DF9177391B81BB990065EB5A /* Base */,
			);
			name = Main.storyboard;
			sourceTree = "<group>";
		};
		DF91773D1B81BB990065EB5A /* LaunchScreen.storyboard */ = {
			isa = PBXVariantGroup;
			children = (
				DF91773E1B81BB990065EB5A /* Base */,
			);
			name = LaunchScreen.storyboard;
			sourceTree = "<group>";
		};
/* End PBXVariantGroup section */

/* Begin XCBuildConfiguration section */
		DF9177411B81BB990065EB5A /* Debug */ = {
			isa = XCBuildConfiguration;
			buildSettings = {
				ALWAYS_SEARCH_USER_PATHS = NO;
				CLANG_CXX_LANGUAGE_STANDARD = "gnu++0x";
				CLANG_CXX_LIBRARY = "libc++";
				CLANG_ENABLE_MODULES = YES;
				CLANG_ENABLE_OBJC_ARC = YES;
				CLANG_WARN_BOOL_CONVERSION = YES;
				CLANG_WARN_CONSTANT_CONVERSION = YES;
				CLANG_WARN_DIRECT_OBJC_ISA_USAGE = YES_ERROR;
				CLANG_WARN_EMPTY_BODY = YES;
				CLANG_WARN_ENUM_CONVERSION = YES;
				CLANG_WARN_INT_CONVERSION = YES;
				CLANG_WARN_OBJC_ROOT_CLASS = YES_ERROR;
				CLANG_WARN_UNREACHABLE_CODE = YES;
				CLANG_WARN__DUPLICATE_METHOD_MATCH = YES;
				"CODE_SIGN_IDENTITY[sdk=iphoneos*]" = "iPhone Developer";
				COPY_PHASE_STRIP = NO;
				DEBUG_INFORMATION_FORMAT = dwarf;
				ENABLE_STRICT_OBJC_MSGSEND = YES;
				ENABLE_TESTABILITY = YES;
				GCC_C_LANGUAGE_STANDARD = gnu99;
				GCC_DYNAMIC_NO_PIC = NO;
				GCC_NO_COMMON_BLOCKS = YES;
				GCC_OPTIMIZATION_LEVEL = 0;
				GCC_PREPROCESSOR_DEFINITIONS = (
					"DEBUG=1",
					"$(inherited)",
				);
				GCC_WARN_64_TO_32_BIT_CONVERSION = YES;
				GCC_WARN_ABOUT_RETURN_TYPE = YES_ERROR;
				GCC_WARN_UNDECLARED_SELECTOR = YES;
				GCC_WARN_UNINITIALIZED_AUTOS = YES_AGGRESSIVE;
				GCC_WARN_UNUSED_FUNCTION = YES;
				GCC_WARN_UNUSED_VARIABLE = YES;
				IPHONEOS_DEPLOYMENT_TARGET = 9.0;
				MTL_ENABLE_DEBUG_INFO = YES;
				ONLY_ACTIVE_ARCH = YES;
				SDKROOT = iphoneos;
				TARGETED_DEVICE_FAMILY = "1,2";
			};
			name = Debug;
		};
		DF9177421B81BB990065EB5A /* Release */ = {
			isa = XCBuildConfiguration;
			buildSettings = {
				ALWAYS_SEARCH_USER_PATHS = NO;
				CLANG_CXX_LANGUAGE_STANDARD = "gnu++0x";
				CLANG_CXX_LIBRARY = "libc++";
				CLANG_ENABLE_MODULES = YES;
				CLANG_ENABLE_OBJC_ARC = YES;
				CLANG_WARN_BOOL_CONVERSION = YES;
				CLANG_WARN_CONSTANT_CONVERSION = YES;
				CLANG_WARN_DIRECT_OBJC_ISA_USAGE = YES_ERROR;
				CLANG_WARN_EMPTY_BODY = YES;
				CLANG_WARN_ENUM_CONVERSION = YES;
				CLANG_WARN_INT_CONVERSION = YES;
				CLANG_WARN_OBJC_ROOT_CLASS = YES_ERROR;
				CLANG_WARN_UNREACHABLE_CODE = YES;
				CLANG_WARN__DUPLICATE_METHOD_MATCH = YES;
				"CODE_SIGN_IDENTITY[sdk=iphoneos*]" = "iPhone Developer";
				COPY_PHASE_STRIP = NO;
				DEBUG_INFORMATION_FORMAT = "dwarf-with-dsym";
				ENABLE_NS_ASSERTIONS = NO;
				ENABLE_STRICT_OBJC_MSGSEND = YES;
				GCC_C_LANGUAGE_STANDARD = gnu99;
				GCC_NO_COMMON_BLOCKS = YES;
				GCC_WARN_64_TO_32_BIT_CONVERSION = YES;
				GCC_WARN_ABOUT_RETURN_TYPE = YES_ERROR;
				GCC_WARN_UNDECLARED_SELECTOR = YES;
				GCC_WARN_UNINITIALIZED_AUTOS = YES_AGGRESSIVE;
				GCC_WARN_UNUSED_FUNCTION = YES;
				GCC_WARN_UNUSED_VARIABLE = YES;
				IPHONEOS_DEPLOYMENT_TARGET = 9.0;
				MTL_ENABLE_DEBUG_INFO = NO;
				SDKROOT = iphoneos;
				TARGETED_DEVICE_FAMILY = "1,2";
				VALIDATE_PRODUCT = YES;
			};
			name = Release;
		};
		DF9177441B81BB990065EB5A /* Debug */ = {
			isa = XCBuildConfiguration;
			buildSettings = {
				ASSETCATALOG_COMPILER_APPICON_NAME = AppIcon;
				INFOPLIST_FILE = StoryBoard/Info.plist;
				IPHONEOS_DEPLOYMENT_TARGET = 8.0;
				LD_RUNPATH_SEARCH_PATHS = "$(inherited) @executable_path/Frameworks";
				PRODUCT_BUNDLE_IDENTIFIER = come.SuperDanny.StoryBoard;
				PRODUCT_NAME = "$(TARGET_NAME)";
			};
			name = Debug;
		};
		DF9177451B81BB990065EB5A /* Release */ = {
			isa = XCBuildConfiguration;
			buildSettings = {
				ASSETCATALOG_COMPILER_APPICON_NAME = AppIcon;
				INFOPLIST_FILE = StoryBoard/Info.plist;
				IPHONEOS_DEPLOYMENT_TARGET = 8.0;
				LD_RUNPATH_SEARCH_PATHS = "$(inherited) @executable_path/Frameworks";
				PRODUCT_BUNDLE_IDENTIFIER = come.SuperDanny.StoryBoard;
				PRODUCT_NAME = "$(TARGET_NAME)";
			};
			name = Release;
		};
/* End XCBuildConfiguration section */

/* Begin XCConfigurationList section */
		DF9177271B81BB990065EB5A /* Build configuration list for PBXProject "StoryBoard" */ = {
			isa = XCConfigurationList;
			buildConfigurations = (
				DF9177411B81BB990065EB5A /* Debug */,
				DF9177421B81BB990065EB5A /* Release */,
			);
			defaultConfigurationIsVisible = 0;
			defaultConfigurationName = Release;
		};
		DF9177431B81BB990065EB5A /* Build configuration list for PBXNativeTarget "StoryBoard" */ = {
			isa = XCConfigurationList;
			buildConfigurations = (
				DF9177441B81BB990065EB5A /* Debug */,
				DF9177451B81BB990065EB5A /* Release */,
			);
			defaultConfigurationIsVisible = 0;
			defaultConfigurationName = Release;
		};
/* End XCConfigurationList section */
	};
	rootObject = DF9177241B81BB990065EB5A /* Project object */;
}
