// !$*UTF8*$!
{
	archiveVersion = 1;
	classes = {
	};
	objectVersion = 46;
	objects = {

/* Begin PBXBuildFile section */
		DF639F661C5A400C005CD415 /* 世界地图.jpg in Resources */ = {isa = PBXBuildFile; fileRef = DF639F651C5A400C005CD415 /* 世界地图.jpg */; };
		DF6BCA211C4F2F2100037566 /* AppDelegate.swift in Sources */ = {isa = PBXBuildFile; fileRef = DF6BCA201C4F2F2100037566 /* AppDelegate.swift */; };
		DF6BCA231C4F2F2100037566 /* ViewController.swift in Sources */ = {isa = PBXBuildFile; fileRef = DF6BCA221C4F2F2100037566 /* ViewController.swift */; };
		DF6BCA261C4F2F2100037566 /* Main.storyboard in Resources */ = {isa = PBXBuildFile; fileRef = DF6BCA241C4F2F2100037566 /* Main.storyboard */; };
		DF6BCA281C4F2F2100037566 /* Assets.xcassets in Resources */ = {isa = PBXBuildFile; fileRef = DF6BCA271C4F2F2100037566 /* Assets.xcassets */; };
		DF6BCA2B1C4F2F2100037566 /* LaunchScreen.storyboard in Resources */ = {isa = PBXBuildFile; fileRef = DF6BCA291C4F2F2100037566 /* LaunchScreen.storyboard */; };
/* End PBXBuildFile section */

/* Begin PBXFileReference section */
		DF639F651C5A400C005CD415 /* 世界地图.jpg */ = {isa = PBXFileReference; lastKnownFileType = image.jpeg; path = "世界地图.jpg"; sourceTree = "<group>"; };
		DF6BCA1D1C4F2F2100037566 /* demo.app */ = {isa = PBXFileReference; explicitFileType = wrapper.application; includeInIndex = 0; path = demo.app; sourceTree = BUILT_PRODUCTS_DIR; };
		DF6BCA201C4F2F2100037566 /* AppDelegate.swift */ = {isa = PBXFileReference; lastKnownFileType = sourcecode.swift; path = AppDelegate.swift; sourceTree = "<group>"; };
		DF6BCA221C4F2F2100037566 /* ViewController.swift */ = {isa = PBXFileReference; lastKnownFileType = sourcecode.swift; path = ViewController.swift; sourceTree = "<group>"; };
		DF6BCA251C4F2F2100037566 /* Base */ = {isa = PBXFileReference; lastKnownFileType = file.storyboard; name = Base; path = Base.lproj/Main.storyboard; sourceTree = "<group>"; };
		DF6BCA271C4F2F2100037566 /* Assets.xcassets */ = {isa = PBXFileReference; lastKnownFileType = folder.assetcatalog; path = Assets.xcassets; sourceTree = "<group>"; };
		DF6BCA2A1C4F2F2100037566 /* Base */ = {isa = PBXFileReference; lastKnownFileType = file.storyboard; name = Base; path = Base.lproj/LaunchScreen.storyboard; sourceTree = "<group>"; };
		DF6BCA2C1C4F2F2100037566 /* Info.plist */ = {isa = PBXFileReference; lastKnownFileType = text.plist.xml; path = Info.plist; sourceTree = "<group>"; };
/* End PBXFileReference section */

/* Begin PBXFrameworksBuildPhase section */
		DF6BCA1A1C4F2F2100037566 /* Frameworks */ = {
			isa = PBXFrameworksBuildPhase;
			buildActionMask = 2147483647;
			files = (
			);
			runOnlyForDeploymentPostprocessing = 0;
		};
/* End PBXFrameworksBuildPhase section */

/* Begin PBXGroup section */
		DF6BCA141C4F2F2100037566 = {
			isa = PBXGroup;
			children = (
				DF6BCA1F1C4F2F2100037566 /* demo */,
				DF6BCA1E1C4F2F2100037566 /* Products */,
			);
			sourceTree = "<group>";
		};
		DF6BCA1E1C4F2F2100037566 /* Products */ = {
			isa = PBXGroup;
			children = (
				DF6BCA1D1C4F2F2100037566 /* demo.app */,
			);
			name = Products;
			sourceTree = "<group>";
		};
		DF6BCA1F1C4F2F2100037566 /* demo */ = {
			isa = PBXGroup;
			children = (
				DF639F651C5A400C005CD415 /* 世界地图.jpg */,
				DF6BCA201C4F2F2100037566 /* AppDelegate.swift */,
				DF6BCA221C4F2F2100037566 /* ViewController.swift */,
				DF6BCA241C4F2F2100037566 /* Main.storyboard */,
				DF6BCA271C4F2F2100037566 /* Assets.xcassets */,
				DF6BCA291C4F2F2100037566 /* LaunchScreen.storyboard */,
				DF6BCA2C1C4F2F2100037566 /* Info.plist */,
			);
			path = demo;
			sourceTree = "<group>";
		};
/* End PBXGroup section */

/* Begin PBXNativeTarget section */
		DF6BCA1C1C4F2F2100037566 /* demo */ = {
			isa = PBXNativeTarget;
			buildConfigurationList = DF6BCA2F1C4F2F2100037566 /* Build configuration list for PBXNativeTarget "demo" */;
			buildPhases = (
				DF6BCA191C4F2F2100037566 /* Sources */,
				DF6BCA1A1C4F2F2100037566 /* Frameworks */,
				DF6BCA1B1C4F2F2100037566 /* Resources */,
			);
			buildRules = (
			);
			dependencies = (
			);
			name = demo;
			productName = demo;
			productReference = DF6BCA1D1C4F2F2100037566 /* demo.app */;
			productType = "com.apple.product-type.application";
		};
/* End PBXNativeTarget section */

/* Begin PBXProject section */
		DF6BCA151C4F2F2100037566 /* Project object */ = {
			isa = PBXProject;
			attributes = {
				LastSwiftUpdateCheck = 0720;
				LastUpgradeCheck = 0720;
				ORGANIZATIONNAME = SuperDanny;
				TargetAttributes = {
					DF6BCA1C1C4F2F2100037566 = {
						CreatedOnToolsVersion = 7.2;
						DevelopmentTeam = DH9E3ZJVR8;
						LastSwiftMigration = 0800;
					};
				};
			};
			buildConfigurationList = DF6BCA181C4F2F2100037566 /* Build configuration list for PBXProject "demo" */;
			compatibilityVersion = "Xcode 3.2";
			developmentRegion = English;
			hasScannedForEncodings = 0;
			knownRegions = (
				en,
				Base,
			);
			mainGroup = DF6BCA141C4F2F2100037566;
			productRefGroup = DF6BCA1E1C4F2F2100037566 /* Products */;
			projectDirPath = "";
			projectRoot = "";
			targets = (
				DF6BCA1C1C4F2F2100037566 /* demo */,
			);
		};
/* End PBXProject section */

/* Begin PBXResourcesBuildPhase section */
		DF6BCA1B1C4F2F2100037566 /* Resources */ = {
			isa = PBXResourcesBuildPhase;
			buildActionMask = 2147483647;
			files = (
				DF6BCA2B1C4F2F2100037566 /* LaunchScreen.storyboard in Resources */,
				DF6BCA281C4F2F2100037566 /* Assets.xcassets in Resources */,
				DF6BCA261C4F2F2100037566 /* Main.storyboard in Resources */,
				DF639F661C5A400C005CD415 /* 世界地图.jpg in Resources */,
			);
			runOnlyForDeploymentPostprocessing = 0;
		};
/* End PBXResourcesBuildPhase section */

/* Begin PBXSourcesBuildPhase section */
		DF6BCA191C4F2F2100037566 /* Sources */ = {
			isa = PBXSourcesBuildPhase;
			buildActionMask = 2147483647;
			files = (
				DF6BCA231C4F2F2100037566 /* ViewController.swift in Sources */,
				DF6BCA211C4F2F2100037566 /* AppDelegate.swift in Sources */,
			);
			runOnlyForDeploymentPostprocessing = 0;
		};
/* End PBXSourcesBuildPhase section */

/* Begin PBXVariantGroup section */
		DF6BCA241C4F2F2100037566 /* Main.storyboard */ = {
			isa = PBXVariantGroup;
			children = (
				DF6BCA251C4F2F2100037566 /* Base */,
			);
			name = Main.storyboard;
			sourceTree = "<group>";
		};
		DF6BCA291C4F2F2100037566 /* LaunchScreen.storyboard */ = {
			isa = PBXVariantGroup;
			children = (
				DF6BCA2A1C4F2F2100037566 /* Base */,
			);
			name = LaunchScreen.storyboard;
			sourceTree = "<group>";
		};
/* End PBXVariantGroup section */

/* Begin XCBuildConfiguration section */
		DF6BCA2D1C4F2F2100037566 /* Debug */ = {
			isa = XCBuildConfiguration;
			buildSettings = {
				ALWAYS_SEARCH_USER_PATHS = NO;
				CLANG_CXX_LANGUAGE_STANDARD = "gnu++0x";
				CLANG_CXX_LIBRARY = "libc++";
				CLANG_ENABLE_MODULES = YES;
				CLANG_ENABLE_OBJC_ARC = YES;
				CLANG_WARN_BOOL_CONVERSION = YES;
				CLANG_WARN_CONSTANT_CONVERSION = YES;
				CLANG_WARN_DIRECT_OBJC_ISA_USAGE = YES_ERROR;
				CLANG_WARN_EMPTY_BODY = YES;
				CLANG_WARN_ENUM_CONVERSION = YES;
				CLANG_WARN_INT_CONVERSION = YES;
				CLANG_WARN_OBJC_ROOT_CLASS = YES_ERROR;
				CLANG_WARN_UNREACHABLE_CODE = YES;
				CLANG_WARN__DUPLICATE_METHOD_MATCH = YES;
				"CODE_SIGN_IDENTITY[sdk=iphoneos*]" = "iPhone Developer";
				COPY_PHASE_STRIP = NO;
				DEBUG_INFORMATION_FORMAT = dwarf;
				ENABLE_STRICT_OBJC_MSGSEND = YES;
				ENABLE_TESTABILITY = YES;
				GCC_C_LANGUAGE_STANDARD = gnu99;
				GCC_DYNAMIC_NO_PIC = NO;
				GCC_NO_COMMON_BLOCKS = YES;
				GCC_OPTIMIZATION_LEVEL = 0;
				GCC_PREPROCESSOR_DEFINITIONS = (
					"DEBUG=1",
					"$(inherited)",
				);
				GCC_WARN_64_TO_32_BIT_CONVERSION = YES;
				GCC_WARN_ABOUT_RETURN_TYPE = YES_ERROR;
				GCC_WARN_UNDECLARED_SELECTOR = YES;
				GCC_WARN_UNINITIALIZED_AUTOS = YES_AGGRESSIVE;
				GCC_WARN_UNUSED_FUNCTION = YES;
				GCC_WARN_UNUSED_VARIABLE = YES;
				IPHONEOS_DEPLOYMENT_TARGET = 8.0;
				MTL_ENABLE_DEBUG_INFO = YES;
				ONLY_ACTIVE_ARCH = YES;
				SDKROOT = iphoneos;
				SWIFT_OPTIMIZATION_LEVEL = "-Onone";
				TARGETED_DEVICE_FAMILY = "1,2";
			};
			name = Debug;
		};
		DF6BCA2E1C4F2F2100037566 /* Release */ = {
			isa = XCBuildConfiguration;
			buildSettings = {
				ALWAYS_SEARCH_USER_PATHS = NO;
				CLANG_CXX_LANGUAGE_STANDARD = "gnu++0x";
				CLANG_CXX_LIBRARY = "libc++";
				CLANG_ENABLE_MODULES = YES;
				CLANG_ENABLE_OBJC_ARC = YES;
				CLANG_WARN_BOOL_CONVERSION = YES;
				CLANG_WARN_CONSTANT_CONVERSION = YES;
				CLANG_WARN_DIRECT_OBJC_ISA_USAGE = YES_ERROR;
				CLANG_WARN_EMPTY_BODY = YES;
				CLANG_WARN_ENUM_CONVERSION = YES;
				CLANG_WARN_INT_CONVERSION = YES;
				CLANG_WARN_OBJC_ROOT_CLASS = YES_ERROR;
				CLANG_WARN_UNREACHABLE_CODE = YES;
				CLANG_WARN__DUPLICATE_METHOD_MATCH = YES;
				"CODE_SIGN_IDENTITY[sdk=iphoneos*]" = "iPhone Developer";
				COPY_PHASE_STRIP = NO;
				DEBUG_INFORMATION_FORMAT = "dwarf-with-dsym";
				ENABLE_NS_ASSERTIONS = NO;
				ENABLE_STRICT_OBJC_MSGSEND = YES;
				GCC_C_LANGUAGE_STANDARD = gnu99;
				GCC_NO_COMMON_BLOCKS = YES;
				GCC_WARN_64_TO_32_BIT_CONVERSION = YES;
				GCC_WARN_ABOUT_RETURN_TYPE = YES_ERROR;
				GCC_WARN_UNDECLARED_SELECTOR = YES;
				GCC_WARN_UNINITIALIZED_AUTOS = YES_AGGRESSIVE;
				GCC_WARN_UNUSED_FUNCTION = YES;
				GCC_WARN_UNUSED_VARIABLE = YES;
				IPHONEOS_DEPLOYMENT_TARGET = 8.0;
				MTL_ENABLE_DEBUG_INFO = NO;
				SDKROOT = iphoneos;
				TARGETED_DEVICE_FAMILY = "1,2";
				VALIDATE_PRODUCT = YES;
			};
			name = Release;
		};
		DF6BCA301C4F2F2100037566 /* Debug */ = {
			isa = XCBuildConfiguration;
			buildSettings = {
				ASSETCATALOG_COMPILER_APPICON_NAME = AppIcon;
				CODE_SIGN_IDENTITY = "iPhone Developer";
				DEVELOPMENT_TEAM = DH9E3ZJVR8;
				INFOPLIST_FILE = demo/Info.plist;
				IPHONEOS_DEPLOYMENT_TARGET = 8.0;
				LD_RUNPATH_SEARCH_PATHS = "$(inherited) @executable_path/Frameworks";
				PRODUCT_BUNDLE_IDENTIFIER = link.superdanny.demo;
				PRODUCT_NAME = "$(TARGET_NAME)";
				SWIFT_VERSION = 3.0;
			};
			name = Debug;
		};
		DF6BCA311C4F2F2100037566 /* Release */ = {
			isa = XCBuildConfiguration;
			buildSettings = {
				ASSETCATALOG_COMPILER_APPICON_NAME = AppIcon;
				CODE_SIGN_IDENTITY = "iPhone Developer";
				DEVELOPMENT_TEAM = DH9E3ZJVR8;
				INFOPLIST_FILE = demo/Info.plist;
				IPHONEOS_DEPLOYMENT_TARGET = 8.0;
				LD_RUNPATH_SEARCH_PATHS = "$(inherited) @executable_path/Frameworks";
				PRODUCT_BUNDLE_IDENTIFIER = link.superdanny.demo;
				PRODUCT_NAME = "$(TARGET_NAME)";
				SWIFT_VERSION = 3.0;
			};
			name = Release;
		};
/* End XCBuildConfiguration section */

/* Begin XCConfigurationList section */
		DF6BCA181C4F2F2100037566 /* Build configuration list for PBXProject "demo" */ = {
			isa = XCConfigurationList;
			buildConfigurations = (
				DF6BCA2D1C4F2F2100037566 /* Debug */,
				DF6BCA2E1C4F2F2100037566 /* Release */,
			);
			defaultConfigurationIsVisible = 0;
			defaultConfigurationName = Release;
		};
		DF6BCA2F1C4F2F2100037566 /* Build configuration list for PBXNativeTarget "demo" */ = {
			isa = XCConfigurationList;
			buildConfigurations = (
				DF6BCA301C4F2F2100037566 /* Debug */,
				DF6BCA311C4F2F2100037566 /* Release */,
			);
			defaultConfigurationIsVisible = 0;
			defaultConfigurationName = Release;
		};
/* End XCConfigurationList section */
	};
	rootObject = DF6BCA151C4F2F2100037566 /* Project object */;
}
